
Microsoft Visual Studio Solution File, Format Version 12.00
# Visual Studio Version 16
VisualStudioVersion = 16.0.30413.136
MinimumVisualStudioVersion = 10.0.40219.1
Project("{FAE04EC0-301F-11D3-BF4B-00C04F79EFBC}") = "Intellipix", "Intellipix\Intellipix.csproj", "{C5459A42-5729-4236-9F90-927DD623FC33}"
EndProject
Global
	GlobalSection(SolutionConfigurationPlatforms) = preSolution
		Debug|Any CPU = Debug|Any CPU
		Release|Any CPU = Release|Any CPU
	EndGlobalSection
	GlobalSection(ProjectConfigurationPlatforms) = postSolution
		{C5459A42-5729-4236-9F90-927DD623FC33}.Debug|Any CPU.ActiveCfg = Debug|Any CPU
		{C5459A42-5729-4236-9F90-927DD623FC33}.Debug|Any CPU.Build.0 = Debug|Any CPU
		{C5459A42-5729-4236-9F90-927DD623FC33}.Release|Any CPU.ActiveCfg = Release|Any CPU
		{C5459A42-5729-4236-9F90-927DD623FC33}.Release|Any CPU.Build.0 = Release|Any CPU
	EndGlobalSection
	GlobalSection(SolutionProperties) = preSolution
		HideSolutionNode = FALSE
	EndGlobalSection
	GlobalSection(ExtensibilityGlobals) = postSolution
		SolutionGuid = {59BF7FD3-2575-4612-A1DD-BA41E25E42CC}
	EndGlobalSection
EndGlobal
